<?xml version="1.0" encoding="utf-8"?>
<Project ToolsVersion="4.0" xmlns="http://schemas.microsoft.com/developer/msbuild/2003">
  <ItemGroup>
    <Filter Include="Source Files">
      <UniqueIdentifier>{4FC737F1-C7A5-4376-A066-2A32D752A2FF}</UniqueIdentifier>
      <Extensions>cpp;c;cc;cxx;def;odl;idl;hpj;bat;asm;asmx</Extensions>
    </Filter>
    <Filter Include="Header Files">
      <UniqueIdentifier>{93995380-89BD-4b04-88EB-625FBE52EBFB}</UniqueIdentifier>
      <Extensions>h;hh;hpp;hxx;hm;inl;inc;xsd</Extensions>
    </Filter>
    <Filter Include="Resource Files">
      <UniqueIdentifier>{67DA6AB6-F800-4c08-8B7A-83BB121AAD01}</UniqueIdentifier>
      <Extensions>rc;ico;cur;bmp;dlg;rc2;rct;bin;rgs;gif;jpg;jpeg;jpe;resx;tiff;tif;png;wav;mfcribbon-ms</Extensions>
    </Filter>
    <Filter Include="src">
      <UniqueIdentifier>{12fcc7e5-bdba-4949-8b58-7f3adc7db866}</UniqueIdentifier>
    </Filter>
    <Filter Include="src\_micro-api-readonly">
      <UniqueIdentifier>{5a25738f-1d22-431a-83b6-99e113d4a496}</UniqueIdentifier>
    </Filter>
    <Filter Include="src\_micro-api-readonly\core">
      <UniqueIdentifier>{3cd0232d-30bc-4eb3-b6d5-16399e908756}</UniqueIdentifier>
    </Filter>
    <Filter Include="src\_micro-api-readonly\core\libb64">
      <UniqueIdentifier>{dd47c26c-fe11-409b-a4a9-3524fbe013be}</UniqueIdentifier>
    </Filter>
    <Filter Include="src\_micro-api-readonly\libraries">
      <UniqueIdentifier>{82158395-615a-47f6-ac95-29415a151019}</UniqueIdentifier>
    </Filter>
    <Filter Include="src\_micro-api-readonly\libraries\Ultrasonic">
      <UniqueIdentifier>{b6806b00-3c77-4c02-afad-fb4ffc1cbb10}</UniqueIdentifier>
    </Filter>
    <Filter Include="src\_micro-api-readonly\libraries\SD">
      <UniqueIdentifier>{f71b1fde-56ac-415e-bed1-8c27a78f3838}</UniqueIdentifier>
    </Filter>
    <Filter Include="src\_micro-api-readonly\libraries\SPI">
      <UniqueIdentifier>{a64b8203-18bb-4ea1-93b5-37ae650ee41b}</UniqueIdentifier>
    </Filter>
    <Filter Include="src\_micro-api-readonly\libraries\Wire">
      <UniqueIdentifier>{1948fdff-ddc7-48d4-8366-8f00b0a7f495}</UniqueIdentifier>
    </Filter>
    <Filter Include="src\_micro-api-readonly\libraries\WiFi">
      <UniqueIdentifier>{32afe271-02e1-436a-8780-144f9d1b8a99}</UniqueIdentifier>
    </Filter>
    <Filter Include="src\_micro-api-readonly\libraries\BME280">
      <UniqueIdentifier>{782ced7a-4cdf-46bc-9b8f-43a443d351e0}</UniqueIdentifier>
    </Filter>
    <Filter Include="src\_micro-api-readonly\libraries\DHT_sensor_library">
      <UniqueIdentifier>{55437903-774e-4a8e-a165-d1643d0a6d01}</UniqueIdentifier>
    </Filter>
    <Filter Include="src\_micro-api-readonly\libraries\FS">
      <UniqueIdentifier>{88121698-aa34-43e2-993a-341af0a1603d}</UniqueIdentifier>
    </Filter>
    <Filter Include="src\_micro-api-readonly\libraries\Time">
      <UniqueIdentifier>{1575f89d-5e56-4419-8b7b-5fc060a4c473}</UniqueIdentifier>
    </Filter>
    <Filter Include="src\_micro-api-readonly\libraries\rc-switch">
      <UniqueIdentifier>{e813b5e6-944a-4b1c-adb6-2f4ac0d554c3}</UniqueIdentifier>
    </Filter>
    <Filter Include="src\_micro-api-readonly\libraries\Adafruit_Unified_Sensor">
      <UniqueIdentifier>{ea000049-d387-4bf7-8ec3-10fafe0ca35e}</UniqueIdentifier>
    </Filter>
    <Filter Include="src\_micro-api-readonly\libraries\ESPAsyncWebServer-master">
      <UniqueIdentifier>{8b02adab-9ec2-4dce-ac6d-864388ea112c}</UniqueIdentifier>
    </Filter>
    <Filter Include="src\_micro-api-readonly\libraries\ArduinoJson">
      <UniqueIdentifier>{1869a019-16ec-471d-9da8-2ad41d38a36a}</UniqueIdentifier>
    </Filter>
    <Filter Include="src\_micro-api-readonly\libraries\NTPClient-master">
      <UniqueIdentifier>{2f6a98e4-d5f0-475f-a3e1-da5611438807}</UniqueIdentifier>
    </Filter>
  </ItemGroup>
  <ItemGroup>
    <None Include="GrowBotESP.ino" />
    <None Include="..\..\..\libraries\Ultrasonic\library.properties">
      <Filter>src\_micro-api-readonly\libraries\Ultrasonic</Filter>
    </None>
    <None Include="..\..\..\..\..\Users\oliver\AppData\Local\arduino15\packages\esp32\hardware\esp32\1.0.0\libraries\SD\library.properties">
      <Filter>src\_micro-api-readonly\libraries\SD</Filter>
    </None>
    <None Include="..\..\..\..\..\Users\oliver\AppData\Local\arduino15\packages\esp32\hardware\esp32\1.0.0\libraries\SPI\library.properties">
      <Filter>src\_micro-api-readonly\libraries\SPI</Filter>
    </None>
    <None Include="..\..\..\..\..\Users\oliver\AppData\Local\arduino15\packages\esp32\hardware\esp32\1.0.0\libraries\Wire\library.properties">
      <Filter>src\_micro-api-readonly\libraries\Wire</Filter>
    </None>
    <None Include="..\..\..\..\..\Users\oliver\AppData\Local\arduino15\packages\esp32\hardware\esp32\1.0.0\libraries\WiFi\library.properties">
      <Filter>src\_micro-api-readonly\libraries\WiFi</Filter>
    </None>
    <None Include="..\..\..\libraries\BME280\library.properties">
      <Filter>src\_micro-api-readonly\libraries\BME280</Filter>
    </None>
    <None Include="..\..\..\libraries\DHT_sensor_library\library.properties">
      <Filter>src\_micro-api-readonly\libraries\DHT_sensor_library</Filter>
    </None>
    <None Include="..\..\..\..\..\Users\oliver\AppData\Local\arduino15\packages\esp32\hardware\esp32\1.0.0\libraries\FS\library.properties">
      <Filter>src\_micro-api-readonly\libraries\FS</Filter>
    </None>
    <None Include="..\..\..\libraries\Time\library.json">
      <Filter>src\_micro-api-readonly\libraries\Time</Filter>
    </None>
    <None Include="..\..\..\libraries\Time\library.properties">
      <Filter>src\_micro-api-readonly\libraries\Time</Filter>
    </None>
    <None Include="..\..\..\libraries\rc-switch\library.json">
      <Filter>src\_micro-api-readonly\libraries\rc-switch</Filter>
    </None>
    <None Include="..\..\..\libraries\rc-switch\library.properties">
      <Filter>src\_micro-api-readonly\libraries\rc-switch</Filter>
    </None>
    <None Include="..\..\..\libraries\Adafruit_Unified_Sensor\library.properties">
      <Filter>src\_micro-api-readonly\libraries\Adafruit_Unified_Sensor</Filter>
    </None>
    <None Include="..\..\..\libraries\ESPAsyncWebServer-master\library.json">
      <Filter>src\_micro-api-readonly\libraries\ESPAsyncWebServer-master</Filter>
    </None>
    <None Include="..\..\..\libraries\ESPAsyncWebServer-master\library.properties">
      <Filter>src\_micro-api-readonly\libraries\ESPAsyncWebServer-master</Filter>
    </None>
    <None Include="..\..\..\libraries\ESPAsyncWebServer-master\src\edit.htm">
      <Filter>src\_micro-api-readonly\libraries\ESPAsyncWebServer-master</Filter>
    </None>
    <None Include="..\..\..\libraries\ArduinoJson\library.json">
      <Filter>src\_micro-api-readonly\libraries\ArduinoJson</Filter>
    </None>
    <None Include="..\..\..\libraries\ArduinoJson\library.properties">
      <Filter>src\_micro-api-readonly\libraries\ArduinoJson</Filter>
    </None>
    <None Include="..\..\..\libraries\NTPClient-master\library.json">
      <Filter>src\_micro-api-readonly\libraries\NTPClient-master</Filter>
    </None>
    <None Include="..\..\..\libraries\NTPClient-master\library.properties">
      <Filter>src\_micro-api-readonly\libraries\NTPClient-master</Filter>
    </None>
  </ItemGroup>
  <ItemGroup>
    <ClInclude Include="__vm\.GrowBotESP.vsarduino.h">
      <Filter>Header Files</Filter>
    </ClInclude>
    <ClInclude Include="Action.h">
      <Filter>Header Files</Filter>
    </ClInclude>
    <ClInclude Include="ActionChain.h">
      <Filter>Header Files</Filter>
    </ClInclude>
    <ClInclude Include="Definitions.h">
      <Filter>Header Files</Filter>
    </ClInclude>
    <ClInclude Include="Led.h">
      <Filter>Header Files</Filter>
    </ClInclude>
    <ClInclude Include="LogEngine.h">
      <Filter>Header Files</Filter>
    </ClInclude>
    <ClInclude Include="Network.h">
      <Filter>Header Files</Filter>
    </ClInclude>
    <ClInclude Include="RCSocketController.h">
      <Filter>Header Files</Filter>
    </ClInclude>
    <ClInclude Include="RealTimeClock.h">
      <Filter>Header Files</Filter>
    </ClInclude>
    <ClInclude Include="Ruleset.h">
      <Filter>Header Files</Filter>
    </ClInclude>
    <ClInclude Include="Sensor.h">
      <Filter>Header Files</Filter>
    </ClInclude>
    <ClInclude Include="Setting.h">
      <Filter>Header Files</Filter>
    </ClInclude>
    <ClInclude Include="TaskManager.h">
      <Filter>Header Files</Filter>
    </ClInclude>
    <ClInclude Include="Trigger.h">
      <Filter>Header Files</Filter>
    </ClInclude>
    <ClInclude Include="..\..\..\..\..\Users\oliver\AppData\Local\arduino15\packages\esp32\hardware\esp32\1.0.0\cores\esp32\Arduino.h">
      <Filter>src\_micro-api-readonly\core</Filter>
    </ClInclude>
    <ClInclude Include="..\..\..\..\..\Users\oliver\AppData\Local\arduino15\packages\esp32\hardware\esp32\1.0.0\cores\esp32\base64.h">
      <Filter>src\_micro-api-readonly\core</Filter>
    </ClInclude>
    <ClInclude Include="..\..\..\..\..\Users\oliver\AppData\Local\arduino15\packages\esp32\hardware\esp32\1.0.0\cores\esp32\binary.h">
      <Filter>src\_micro-api-readonly\core</Filter>
    </ClInclude>
    <ClInclude Include="..\..\..\..\..\Users\oliver\AppData\Local\arduino15\packages\esp32\hardware\esp32\1.0.0\cores\esp32\cbuf.h">
      <Filter>src\_micro-api-readonly\core</Filter>
    </ClInclude>
    <ClInclude Include="..\..\..\..\..\Users\oliver\AppData\Local\arduino15\packages\esp32\hardware\esp32\1.0.0\cores\esp32\Client.h">
      <Filter>src\_micro-api-readonly\core</Filter>
    </ClInclude>
    <ClInclude Include="..\..\..\..\..\Users\oliver\AppData\Local\arduino15\packages\esp32\hardware\esp32\1.0.0\cores\esp32\core_version.h">
      <Filter>src\_micro-api-readonly\core</Filter>
    </ClInclude>
    <ClInclude Include="..\..\..\..\..\Users\oliver\AppData\Local\arduino15\packages\esp32\hardware\esp32\1.0.0\cores\esp32\Esp.h">
      <Filter>src\_micro-api-readonly\core</Filter>
    </ClInclude>
    <ClInclude Include="..\..\..\..\..\Users\oliver\AppData\Local\arduino15\packages\esp32\hardware\esp32\1.0.0\cores\esp32\esp32-hal-adc.h">
      <Filter>src\_micro-api-readonly\core</Filter>
    </ClInclude>
    <ClInclude Include="..\..\..\..\..\Users\oliver\AppData\Local\arduino15\packages\esp32\hardware\esp32\1.0.0\cores\esp32\esp32-hal-bt.h">
      <Filter>src\_micro-api-readonly\core</Filter>
    </ClInclude>
    <ClInclude Include="..\..\..\..\..\Users\oliver\AppData\Local\arduino15\packages\esp32\hardware\esp32\1.0.0\cores\esp32\esp32-hal-dac.h">
      <Filter>src\_micro-api-readonly\core</Filter>
    </ClInclude>
    <ClInclude Include="..\..\..\..\..\Users\oliver\AppData\Local\arduino15\packages\esp32\hardware\esp32\1.0.0\cores\esp32\esp32-hal-gpio.h">
      <Filter>src\_micro-api-readonly\core</Filter>
    </ClInclude>
    <ClInclude Include="..\..\..\..\..\Users\oliver\AppData\Local\arduino15\packages\esp32\hardware\esp32\1.0.0\cores\esp32\esp32-hal-i2c.h">
      <Filter>src\_micro-api-readonly\core</Filter>
    </ClInclude>
    <ClInclude Include="..\..\..\..\..\Users\oliver\AppData\Local\arduino15\packages\esp32\hardware\esp32\1.0.0\cores\esp32\esp32-hal-ledc.h">
      <Filter>src\_micro-api-readonly\core</Filter>
    </ClInclude>
    <ClInclude Include="..\..\..\..\..\Users\oliver\AppData\Local\arduino15\packages\esp32\hardware\esp32\1.0.0\cores\esp32\esp32-hal-log.h">
      <Filter>src\_micro-api-readonly\core</Filter>
    </ClInclude>
    <ClInclude Include="..\..\..\..\..\Users\oliver\AppData\Local\arduino15\packages\esp32\hardware\esp32\1.0.0\cores\esp32\esp32-hal-matrix.h">
      <Filter>src\_micro-api-readonly\core</Filter>
    </ClInclude>
    <ClInclude Include="..\..\..\..\..\Users\oliver\AppData\Local\arduino15\packages\esp32\hardware\esp32\1.0.0\cores\esp32\esp32-hal-psram.h">
      <Filter>src\_micro-api-readonly\core</Filter>
    </ClInclude>
    <ClInclude Include="..\..\..\..\..\Users\oliver\AppData\Local\arduino15\packages\esp32\hardware\esp32\1.0.0\cores\esp32\esp32-hal-sigmadelta.h">
      <Filter>src\_micro-api-readonly\core</Filter>
    </ClInclude>
    <ClInclude Include="..\..\..\..\..\Users\oliver\AppData\Local\arduino15\packages\esp32\hardware\esp32\1.0.0\cores\esp32\esp32-hal-spi.h">
      <Filter>src\_micro-api-readonly\core</Filter>
    </ClInclude>
    <ClInclude Include="..\..\..\..\..\Users\oliver\AppData\Local\arduino15\packages\esp32\hardware\esp32\1.0.0\cores\esp32\esp32-hal-timer.h">
      <Filter>src\_micro-api-readonly\core</Filter>
    </ClInclude>
    <ClInclude Include="..\..\..\..\..\Users\oliver\AppData\Local\arduino15\packages\esp32\hardware\esp32\1.0.0\cores\esp32\esp32-hal-touch.h">
      <Filter>src\_micro-api-readonly\core</Filter>
    </ClInclude>
    <ClInclude Include="..\..\..\..\..\Users\oliver\AppData\Local\arduino15\packages\esp32\hardware\esp32\1.0.0\cores\esp32\esp32-hal-uart.h">
      <Filter>src\_micro-api-readonly\core</Filter>
    </ClInclude>
    <ClInclude Include="..\..\..\..\..\Users\oliver\AppData\Local\arduino15\packages\esp32\hardware\esp32\1.0.0\cores\esp32\esp32-hal.h">
      <Filter>src\_micro-api-readonly\core</Filter>
    </ClInclude>
    <ClInclude Include="..\..\..\..\..\Users\oliver\AppData\Local\arduino15\packages\esp32\hardware\esp32\1.0.0\cores\esp32\esp8266-compat.h">
      <Filter>src\_micro-api-readonly\core</Filter>
    </ClInclude>
    <ClInclude Include="..\..\..\..\..\Users\oliver\AppData\Local\arduino15\packages\esp32\hardware\esp32\1.0.0\cores\esp32\HardwareSerial.h">
      <Filter>src\_micro-api-readonly\core</Filter>
    </ClInclude>
    <ClInclude Include="..\..\..\..\..\Users\oliver\AppData\Local\arduino15\packages\esp32\hardware\esp32\1.0.0\cores\esp32\IPAddress.h">
      <Filter>src\_micro-api-readonly\core</Filter>
    </ClInclude>
    <ClInclude Include="..\..\..\..\..\Users\oliver\AppData\Local\arduino15\packages\esp32\hardware\esp32\1.0.0\cores\esp32\IPv6Address.h">
      <Filter>src\_micro-api-readonly\core</Filter>
    </ClInclude>
    <ClInclude Include="..\..\..\..\..\Users\oliver\AppData\Local\arduino15\packages\esp32\hardware\esp32\1.0.0\cores\esp32\MD5Builder.h">
      <Filter>src\_micro-api-readonly\core</Filter>
    </ClInclude>
    <ClInclude Include="..\..\..\..\..\Users\oliver\AppData\Local\arduino15\packages\esp32\hardware\esp32\1.0.0\cores\esp32\pgmspace.h">
      <Filter>src\_micro-api-readonly\core</Filter>
    </ClInclude>
    <ClInclude Include="..\..\..\..\..\Users\oliver\AppData\Local\arduino15\packages\esp32\hardware\esp32\1.0.0\cores\esp32\Print.h">
      <Filter>src\_micro-api-readonly\core</Filter>
    </ClInclude>
    <ClInclude Include="..\..\..\..\..\Users\oliver\AppData\Local\arduino15\packages\esp32\hardware\esp32\1.0.0\cores\esp32\Printable.h">
      <Filter>src\_micro-api-readonly\core</Filter>
    </ClInclude>
    <ClInclude Include="..\..\..\..\..\Users\oliver\AppData\Local\arduino15\packages\esp32\hardware\esp32\1.0.0\cores\esp32\Server.h">
      <Filter>src\_micro-api-readonly\core</Filter>
    </ClInclude>
    <ClInclude Include="..\..\..\..\..\Users\oliver\AppData\Local\arduino15\packages\esp32\hardware\esp32\1.0.0\cores\esp32\stdlib_noniso.h">
      <Filter>src\_micro-api-readonly\core</Filter>
    </ClInclude>
    <ClInclude Include="..\..\..\..\..\Users\oliver\AppData\Local\arduino15\packages\esp32\hardware\esp32\1.0.0\cores\esp32\Stream.h">
      <Filter>src\_micro-api-readonly\core</Filter>
    </ClInclude>
    <ClInclude Include="..\..\..\..\..\Users\oliver\AppData\Local\arduino15\packages\esp32\hardware\esp32\1.0.0\cores\esp32\StreamString.h">
      <Filter>src\_micro-api-readonly\core</Filter>
    </ClInclude>
    <ClInclude Include="..\..\..\..\..\Users\oliver\AppData\Local\arduino15\packages\esp32\hardware\esp32\1.0.0\cores\esp32\Udp.h">
      <Filter>src\_micro-api-readonly\core</Filter>
    </ClInclude>
    <ClInclude Include="..\..\..\..\..\Users\oliver\AppData\Local\arduino15\packages\esp32\hardware\esp32\1.0.0\cores\esp32\WCharacter.h">
      <Filter>src\_micro-api-readonly\core</Filter>
    </ClInclude>
    <ClInclude Include="..\..\..\..\..\Users\oliver\AppData\Local\arduino15\packages\esp32\hardware\esp32\1.0.0\cores\esp32\wiring_private.h">
      <Filter>src\_micro-api-readonly\core</Filter>
    </ClInclude>
    <ClInclude Include="..\..\..\..\..\Users\oliver\AppData\Local\arduino15\packages\esp32\hardware\esp32\1.0.0\cores\esp32\WString.h">
      <Filter>src\_micro-api-readonly\core</Filter>
    </ClInclude>
    <ClInclude Include="..\..\..\..\..\Users\oliver\AppData\Local\arduino15\packages\esp32\hardware\esp32\1.0.0\cores\esp32\libb64\cdecode.h">
      <Filter>src\_micro-api-readonly\core\libb64</Filter>
    </ClInclude>
    <ClInclude Include="..\..\..\..\..\Users\oliver\AppData\Local\arduino15\packages\esp32\hardware\esp32\1.0.0\cores\esp32\libb64\cencode.h">
      <Filter>src\_micro-api-readonly\core\libb64</Filter>
    </ClInclude>
    <ClInclude Include="..\..\..\..\..\Users\oliver\AppData\Local\arduino15\packages\esp32\hardware\esp32\1.0.0\variants\esp32\pins_arduino.h">
      <Filter>src\_micro-api-readonly\core</Filter>
    </ClInclude>
    <ClInclude Include="..\..\..\libraries\Ultrasonic\src\Ultrasonic.h">
      <Filter>src\_micro-api-readonly\libraries\Ultrasonic</Filter>
    </ClInclude>
    <ClInclude Include="..\..\..\..\..\Users\oliver\AppData\Local\arduino15\packages\esp32\hardware\esp32\1.0.0\libraries\SD\src\SD.h">
      <Filter>src\_micro-api-readonly\libraries\SD</Filter>
    </ClInclude>
    <ClInclude Include="..\..\..\..\..\Users\oliver\AppData\Local\arduino15\packages\esp32\hardware\esp32\1.0.0\libraries\SD\src\sd_defines.h">
      <Filter>src\_micro-api-readonly\libraries\SD</Filter>
    </ClInclude>
    <ClInclude Include="..\..\..\..\..\Users\oliver\AppData\Local\arduino15\packages\esp32\hardware\esp32\1.0.0\libraries\SD\src\sd_diskio.h">
      <Filter>src\_micro-api-readonly\libraries\SD</Filter>
    </ClInclude>
    <ClInclude Include="..\..\..\..\..\Users\oliver\AppData\Local\arduino15\packages\esp32\hardware\esp32\1.0.0\libraries\SPI\src\SPI.h">
      <Filter>src\_micro-api-readonly\libraries\SPI</Filter>
    </ClInclude>
    <ClInclude Include="..\..\..\..\..\Users\oliver\AppData\Local\arduino15\packages\esp32\hardware\esp32\1.0.0\libraries\Wire\src\Wire.h">
      <Filter>src\_micro-api-readonly\libraries\Wire</Filter>
    </ClInclude>
    <ClInclude Include="..\..\..\..\..\Users\oliver\AppData\Local\arduino15\packages\esp32\hardware\esp32\1.0.0\libraries\WiFi\src\ETH.h">
      <Filter>src\_micro-api-readonly\libraries\WiFi</Filter>
    </ClInclude>
    <ClInclude Include="..\..\..\..\..\Users\oliver\AppData\Local\arduino15\packages\esp32\hardware\esp32\1.0.0\libraries\WiFi\src\WiFi.h">
      <Filter>src\_micro-api-readonly\libraries\WiFi</Filter>
    </ClInclude>
    <ClInclude Include="..\..\..\..\..\Users\oliver\AppData\Local\arduino15\packages\esp32\hardware\esp32\1.0.0\libraries\WiFi\src\WiFiAP.h">
      <Filter>src\_micro-api-readonly\libraries\WiFi</Filter>
    </ClInclude>
    <ClInclude Include="..\..\..\..\..\Users\oliver\AppData\Local\arduino15\packages\esp32\hardware\esp32\1.0.0\libraries\WiFi\src\WiFiClient.h">
      <Filter>src\_micro-api-readonly\libraries\WiFi</Filter>
    </ClInclude>
    <ClInclude Include="..\..\..\..\..\Users\oliver\AppData\Local\arduino15\packages\esp32\hardware\esp32\1.0.0\libraries\WiFi\src\WiFiGeneric.h">
      <Filter>src\_micro-api-readonly\libraries\WiFi</Filter>
    </ClInclude>
    <ClInclude Include="..\..\..\..\..\Users\oliver\AppData\Local\arduino15\packages\esp32\hardware\esp32\1.0.0\libraries\WiFi\src\WiFiMulti.h">
      <Filter>src\_micro-api-readonly\libraries\WiFi</Filter>
    </ClInclude>
    <ClInclude Include="..\..\..\..\..\Users\oliver\AppData\Local\arduino15\packages\esp32\hardware\esp32\1.0.0\libraries\WiFi\src\WiFiScan.h">
      <Filter>src\_micro-api-readonly\libraries\WiFi</Filter>
    </ClInclude>
    <ClInclude Include="..\..\..\..\..\Users\oliver\AppData\Local\arduino15\packages\esp32\hardware\esp32\1.0.0\libraries\WiFi\src\WiFiServer.h">
      <Filter>src\_micro-api-readonly\libraries\WiFi</Filter>
    </ClInclude>
    <ClInclude Include="..\..\..\..\..\Users\oliver\AppData\Local\arduino15\packages\esp32\hardware\esp32\1.0.0\libraries\WiFi\src\WiFiSTA.h">
      <Filter>src\_micro-api-readonly\libraries\WiFi</Filter>
    </ClInclude>
    <ClInclude Include="..\..\..\..\..\Users\oliver\AppData\Local\arduino15\packages\esp32\hardware\esp32\1.0.0\libraries\WiFi\src\WiFiType.h">
      <Filter>src\_micro-api-readonly\libraries\WiFi</Filter>
    </ClInclude>
    <ClInclude Include="..\..\..\..\..\Users\oliver\AppData\Local\arduino15\packages\esp32\hardware\esp32\1.0.0\libraries\WiFi\src\WiFiUdp.h">
      <Filter>src\_micro-api-readonly\libraries\WiFi</Filter>
    </ClInclude>
    <ClInclude Include="..\..\..\libraries\BME280\src\BME280.h">
      <Filter>src\_micro-api-readonly\libraries\BME280</Filter>
    </ClInclude>
    <ClInclude Include="..\..\..\libraries\BME280\src\BME280I2C.h">
      <Filter>src\_micro-api-readonly\libraries\BME280</Filter>
    </ClInclude>
    <ClInclude Include="..\..\..\libraries\BME280\src\BME280I2C_BRZO.h">
      <Filter>src\_micro-api-readonly\libraries\BME280</Filter>
    </ClInclude>
    <ClInclude Include="..\..\..\libraries\BME280\src\BME280Spi.h">
      <Filter>src\_micro-api-readonly\libraries\BME280</Filter>
    </ClInclude>
    <ClInclude Include="..\..\..\libraries\BME280\src\BME280SpiSw.h">
      <Filter>src\_micro-api-readonly\libraries\BME280</Filter>
    </ClInclude>
    <ClInclude Include="..\..\..\libraries\BME280\src\EnvironmentCalculations.h">
      <Filter>src\_micro-api-readonly\libraries\BME280</Filter>
    </ClInclude>
    <ClInclude Include="..\..\..\libraries\DHT_sensor_library\DHT.h">
      <Filter>src\_micro-api-readonly\libraries\DHT_sensor_library</Filter>
    </ClInclude>
    <ClInclude Include="..\..\..\libraries\DHT_sensor_library\DHT_U.h">
      <Filter>src\_micro-api-readonly\libraries\DHT_sensor_library</Filter>
    </ClInclude>
    <ClInclude Include="..\..\..\..\..\Users\oliver\AppData\Local\arduino15\packages\esp32\hardware\esp32\1.0.0\libraries\FS\src\FS.h">
      <Filter>src\_micro-api-readonly\libraries\FS</Filter>
    </ClInclude>
    <ClInclude Include="..\..\..\..\..\Users\oliver\AppData\Local\arduino15\packages\esp32\hardware\esp32\1.0.0\libraries\FS\src\FSImpl.h">
      <Filter>src\_micro-api-readonly\libraries\FS</Filter>
    </ClInclude>
    <ClInclude Include="..\..\..\..\..\Users\oliver\AppData\Local\arduino15\packages\esp32\hardware\esp32\1.0.0\libraries\FS\src\vfs_api.h">
      <Filter>src\_micro-api-readonly\libraries\FS</Filter>
    </ClInclude>
    <ClInclude Include="..\..\..\libraries\Time\Time.h">
      <Filter>src\_micro-api-readonly\libraries\Time</Filter>
    </ClInclude>
    <ClInclude Include="..\..\..\libraries\Time\TimeLib.h">
      <Filter>src\_micro-api-readonly\libraries\Time</Filter>
    </ClInclude>
    <ClInclude Include="..\..\..\libraries\rc-switch\RCSwitch.h">
      <Filter>src\_micro-api-readonly\libraries\rc-switch</Filter>
    </ClInclude>
    <ClInclude Include="..\..\..\libraries\Adafruit_Unified_Sensor\Adafruit_Sensor.h">
      <Filter>src\_micro-api-readonly\libraries\Adafruit_Unified_Sensor</Filter>
    </ClInclude>
    <ClInclude Include="..\..\..\libraries\ESPAsyncWebServer-master\src\AsyncEventSource.h">
      <Filter>src\_micro-api-readonly\libraries\ESPAsyncWebServer-master</Filter>
    </ClInclude>
    <ClInclude Include="..\..\..\libraries\ESPAsyncWebServer-master\src\AsyncJson.h">
      <Filter>src\_micro-api-readonly\libraries\ESPAsyncWebServer-master</Filter>
    </ClInclude>
    <ClInclude Include="..\..\..\libraries\ESPAsyncWebServer-master\src\AsyncWebSocket.h">
      <Filter>src\_micro-api-readonly\libraries\ESPAsyncWebServer-master</Filter>
    </ClInclude>
    <ClInclude Include="..\..\..\libraries\ESPAsyncWebServer-master\src\ESPAsyncWebServer.h">
      <Filter>src\_micro-api-readonly\libraries\ESPAsyncWebServer-master</Filter>
    </ClInclude>
    <ClInclude Include="..\..\..\libraries\ESPAsyncWebServer-master\src\SPIFFSEditor.h">
      <Filter>src\_micro-api-readonly\libraries\ESPAsyncWebServer-master</Filter>
    </ClInclude>
    <ClInclude Include="..\..\..\libraries\ESPAsyncWebServer-master\src\StringArray.h">
      <Filter>src\_micro-api-readonly\libraries\ESPAsyncWebServer-master</Filter>
    </ClInclude>
    <ClInclude Include="..\..\..\libraries\ESPAsyncWebServer-master\src\WebAuthentication.h">
      <Filter>src\_micro-api-readonly\libraries\ESPAsyncWebServer-master</Filter>
    </ClInclude>
    <ClInclude Include="..\..\..\libraries\ESPAsyncWebServer-master\src\WebHandlerImpl.h">
      <Filter>src\_micro-api-readonly\libraries\ESPAsyncWebServer-master</Filter>
    </ClInclude>
    <ClInclude Include="..\..\..\libraries\ESPAsyncWebServer-master\src\WebResponseImpl.h">
      <Filter>src\_micro-api-readonly\libraries\ESPAsyncWebServer-master</Filter>
    </ClInclude>
    <ClInclude Include="WebHandler.h">
      <Filter>Header Files</Filter>
    </ClInclude>
    <ClInclude Include="..\..\..\libraries\ArduinoJson\ArduinoJson.h">
      <Filter>src\_micro-api-readonly\libraries\ArduinoJson</Filter>
    </ClInclude>
    <ClInclude Include="..\..\..\libraries\ArduinoJson\src\ArduinoJson.h">
      <Filter>src\_micro-api-readonly\libraries\ArduinoJson</Filter>
    </ClInclude>
    <ClInclude Include="..\..\..\libraries\ArduinoJson\src\ArduinoJson.hpp">
      <Filter>src\_micro-api-readonly\libraries\ArduinoJson</Filter>
    </ClInclude>
    <ClInclude Include="..\..\..\libraries\ArduinoJson\src\ArduinoJson\Configuration.hpp">
      <Filter>src\_micro-api-readonly\libraries\ArduinoJson</Filter>
    </ClInclude>
    <ClInclude Include="..\..\..\libraries\ArduinoJson\src\ArduinoJson\DynamicJsonBuffer.hpp">
      <Filter>src\_micro-api-readonly\libraries\ArduinoJson</Filter>
    </ClInclude>
    <ClInclude Include="..\..\..\libraries\ArduinoJson\src\ArduinoJson\JsonArray.hpp">
      <Filter>src\_micro-api-readonly\libraries\ArduinoJson</Filter>
    </ClInclude>
    <ClInclude Include="..\..\..\libraries\ArduinoJson\src\ArduinoJson\JsonArrayImpl.hpp">
      <Filter>src\_micro-api-readonly\libraries\ArduinoJson</Filter>
    </ClInclude>
    <ClInclude Include="..\..\..\libraries\ArduinoJson\src\ArduinoJson\JsonArraySubscript.hpp">
      <Filter>src\_micro-api-readonly\libraries\ArduinoJson</Filter>
    </ClInclude>
    <ClInclude Include="..\..\..\libraries\ArduinoJson\src\ArduinoJson\JsonBuffer.hpp">
      <Filter>src\_micro-api-readonly\libraries\ArduinoJson</Filter>
    </ClInclude>
    <ClInclude Include="..\..\..\libraries\ArduinoJson\src\ArduinoJson\JsonBufferBase.hpp">
      <Filter>src\_micro-api-readonly\libraries\ArduinoJson</Filter>
    </ClInclude>
    <ClInclude Include="..\..\..\libraries\ArduinoJson\src\ArduinoJson\JsonBufferImpl.hpp">
      <Filter>src\_micro-api-readonly\libraries\ArduinoJson</Filter>
    </ClInclude>
    <ClInclude Include="..\..\..\libraries\ArduinoJson\src\ArduinoJson\JsonObject.hpp">
      <Filter>src\_micro-api-readonly\libraries\ArduinoJson</Filter>
    </ClInclude>
    <ClInclude Include="..\..\..\libraries\ArduinoJson\src\ArduinoJson\JsonObjectImpl.hpp">
      <Filter>src\_micro-api-readonly\libraries\ArduinoJson</Filter>
    </ClInclude>
    <ClInclude Include="..\..\..\libraries\ArduinoJson\src\ArduinoJson\JsonObjectSubscript.hpp">
      <Filter>src\_micro-api-readonly\libraries\ArduinoJson</Filter>
    </ClInclude>
    <ClInclude Include="..\..\..\libraries\ArduinoJson\src\ArduinoJson\JsonPair.hpp">
      <Filter>src\_micro-api-readonly\libraries\ArduinoJson</Filter>
    </ClInclude>
    <ClInclude Include="..\..\..\libraries\ArduinoJson\src\ArduinoJson\JsonVariant.hpp">
      <Filter>src\_micro-api-readonly\libraries\ArduinoJson</Filter>
    </ClInclude>
    <ClInclude Include="..\..\..\libraries\ArduinoJson\src\ArduinoJson\JsonVariantBase.hpp">
      <Filter>src\_micro-api-readonly\libraries\ArduinoJson</Filter>
    </ClInclude>
    <ClInclude Include="..\..\..\libraries\ArduinoJson\src\ArduinoJson\JsonVariantCasts.hpp">
      <Filter>src\_micro-api-readonly\libraries\ArduinoJson</Filter>
    </ClInclude>
    <ClInclude Include="..\..\..\libraries\ArduinoJson\src\ArduinoJson\JsonVariantComparisons.hpp">
      <Filter>src\_micro-api-readonly\libraries\ArduinoJson</Filter>
    </ClInclude>
    <ClInclude Include="..\..\..\libraries\ArduinoJson\src\ArduinoJson\JsonVariantImpl.hpp">
      <Filter>src\_micro-api-readonly\libraries\ArduinoJson</Filter>
    </ClInclude>
    <ClInclude Include="..\..\..\libraries\ArduinoJson\src\ArduinoJson\JsonVariantOr.hpp">
      <Filter>src\_micro-api-readonly\libraries\ArduinoJson</Filter>
    </ClInclude>
    <ClInclude Include="..\..\..\libraries\ArduinoJson\src\ArduinoJson\JsonVariantSubscripts.hpp">
      <Filter>src\_micro-api-readonly\libraries\ArduinoJson</Filter>
    </ClInclude>
    <ClInclude Include="..\..\..\libraries\ArduinoJson\src\ArduinoJson\RawJson.hpp">
      <Filter>src\_micro-api-readonly\libraries\ArduinoJson</Filter>
    </ClInclude>
    <ClInclude Include="..\..\..\libraries\ArduinoJson\src\ArduinoJson\StaticJsonBuffer.hpp">
      <Filter>src\_micro-api-readonly\libraries\ArduinoJson</Filter>
    </ClInclude>
    <ClInclude Include="..\..\..\libraries\ArduinoJson\src\ArduinoJson\version.hpp">
      <Filter>src\_micro-api-readonly\libraries\ArduinoJson</Filter>
    </ClInclude>
    <ClInclude Include="..\..\..\libraries\ArduinoJson\src\ArduinoJson\Data\Encoding.hpp">
      <Filter>src\_micro-api-readonly\libraries\ArduinoJson</Filter>
    </ClInclude>
    <ClInclude Include="..\..\..\libraries\ArduinoJson\src\ArduinoJson\Data\JsonBufferAllocated.hpp">
      <Filter>src\_micro-api-readonly\libraries\ArduinoJson</Filter>
    </ClInclude>
    <ClInclude Include="..\..\..\libraries\ArduinoJson\src\ArduinoJson\Data\JsonFloat.hpp">
      <Filter>src\_micro-api-readonly\libraries\ArduinoJson</Filter>
    </ClInclude>
    <ClInclude Include="..\..\..\libraries\ArduinoJson\src\ArduinoJson\Data\JsonInteger.hpp">
      <Filter>src\_micro-api-readonly\libraries\ArduinoJson</Filter>
    </ClInclude>
    <ClInclude Include="..\..\..\libraries\ArduinoJson\src\ArduinoJson\Data\JsonVariantAs.hpp">
      <Filter>src\_micro-api-readonly\libraries\ArduinoJson</Filter>
    </ClInclude>
    <ClInclude Include="..\..\..\libraries\ArduinoJson\src\ArduinoJson\Data\JsonVariantContent.hpp">
      <Filter>src\_micro-api-readonly\libraries\ArduinoJson</Filter>
    </ClInclude>
    <ClInclude Include="..\..\..\libraries\ArduinoJson\src\ArduinoJson\Data\JsonVariantDefault.hpp">
      <Filter>src\_micro-api-readonly\libraries\ArduinoJson</Filter>
    </ClInclude>
    <ClInclude Include="..\..\..\libraries\ArduinoJson\src\ArduinoJson\Data\JsonVariantType.hpp">
      <Filter>src\_micro-api-readonly\libraries\ArduinoJson</Filter>
    </ClInclude>
    <ClInclude Include="..\..\..\libraries\ArduinoJson\src\ArduinoJson\Data\List.hpp">
      <Filter>src\_micro-api-readonly\libraries\ArduinoJson</Filter>
    </ClInclude>
    <ClInclude Include="..\..\..\libraries\ArduinoJson\src\ArduinoJson\Data\ListConstIterator.hpp">
      <Filter>src\_micro-api-readonly\libraries\ArduinoJson</Filter>
    </ClInclude>
    <ClInclude Include="..\..\..\libraries\ArduinoJson\src\ArduinoJson\Data\ListIterator.hpp">
      <Filter>src\_micro-api-readonly\libraries\ArduinoJson</Filter>
    </ClInclude>
    <ClInclude Include="..\..\..\libraries\ArduinoJson\src\ArduinoJson\Data\ListNode.hpp">
      <Filter>src\_micro-api-readonly\libraries\ArduinoJson</Filter>
    </ClInclude>
    <ClInclude Include="..\..\..\libraries\ArduinoJson\src\ArduinoJson\Data\NonCopyable.hpp">
      <Filter>src\_micro-api-readonly\libraries\ArduinoJson</Filter>
    </ClInclude>
    <ClInclude Include="..\..\..\libraries\ArduinoJson\src\ArduinoJson\Data\ReferenceType.hpp">
      <Filter>src\_micro-api-readonly\libraries\ArduinoJson</Filter>
    </ClInclude>
    <ClInclude Include="..\..\..\libraries\ArduinoJson\src\ArduinoJson\Data\ValueSaver.hpp">
      <Filter>src\_micro-api-readonly\libraries\ArduinoJson</Filter>
    </ClInclude>
    <ClInclude Include="..\..\..\libraries\ArduinoJson\src\ArduinoJson\Deserialization\Comments.hpp">
      <Filter>src\_micro-api-readonly\libraries\ArduinoJson</Filter>
    </ClInclude>
    <ClInclude Include="..\..\..\libraries\ArduinoJson\src\ArduinoJson\Deserialization\JsonParser.hpp">
      <Filter>src\_micro-api-readonly\libraries\ArduinoJson</Filter>
    </ClInclude>
    <ClInclude Include="..\..\..\libraries\ArduinoJson\src\ArduinoJson\Deserialization\JsonParserImpl.hpp">
      <Filter>src\_micro-api-readonly\libraries\ArduinoJson</Filter>
    </ClInclude>
    <ClInclude Include="..\..\..\libraries\ArduinoJson\src\ArduinoJson\Deserialization\StringWriter.hpp">
      <Filter>src\_micro-api-readonly\libraries\ArduinoJson</Filter>
    </ClInclude>
    <ClInclude Include="..\..\..\libraries\ArduinoJson\src\ArduinoJson\Polyfills\attributes.hpp">
      <Filter>src\_micro-api-readonly\libraries\ArduinoJson</Filter>
    </ClInclude>
    <ClInclude Include="..\..\..\libraries\ArduinoJson\src\ArduinoJson\Polyfills\ctype.hpp">
      <Filter>src\_micro-api-readonly\libraries\ArduinoJson</Filter>
    </ClInclude>
    <ClInclude Include="..\..\..\libraries\ArduinoJson\src\ArduinoJson\Polyfills\isFloat.hpp">
      <Filter>src\_micro-api-readonly\libraries\ArduinoJson</Filter>
    </ClInclude>
    <ClInclude Include="..\..\..\libraries\ArduinoJson\src\ArduinoJson\Polyfills\isInteger.hpp">
      <Filter>src\_micro-api-readonly\libraries\ArduinoJson</Filter>
    </ClInclude>
    <ClInclude Include="..\..\..\libraries\ArduinoJson\src\ArduinoJson\Polyfills\math.hpp">
      <Filter>src\_micro-api-readonly\libraries\ArduinoJson</Filter>
    </ClInclude>
    <ClInclude Include="..\..\..\libraries\ArduinoJson\src\ArduinoJson\Polyfills\parseFloat.hpp">
      <Filter>src\_micro-api-readonly\libraries\ArduinoJson</Filter>
    </ClInclude>
    <ClInclude Include="..\..\..\libraries\ArduinoJson\src\ArduinoJson\Polyfills\parseInteger.hpp">
      <Filter>src\_micro-api-readonly\libraries\ArduinoJson</Filter>
    </ClInclude>
    <ClInclude Include="..\..\..\libraries\ArduinoJson\src\ArduinoJson\Serialization\DummyPrint.hpp">
      <Filter>src\_micro-api-readonly\libraries\ArduinoJson</Filter>
    </ClInclude>
    <ClInclude Include="..\..\..\libraries\ArduinoJson\src\ArduinoJson\Serialization\DynamicStringBuilder.hpp">
      <Filter>src\_micro-api-readonly\libraries\ArduinoJson</Filter>
    </ClInclude>
    <ClInclude Include="..\..\..\libraries\ArduinoJson\src\ArduinoJson\Serialization\FloatParts.hpp">
      <Filter>src\_micro-api-readonly\libraries\ArduinoJson</Filter>
    </ClInclude>
    <ClInclude Include="..\..\..\libraries\ArduinoJson\src\ArduinoJson\Serialization\IndentedPrint.hpp">
      <Filter>src\_micro-api-readonly\libraries\ArduinoJson</Filter>
    </ClInclude>
    <ClInclude Include="..\..\..\libraries\ArduinoJson\src\ArduinoJson\Serialization\JsonPrintable.hpp">
      <Filter>src\_micro-api-readonly\libraries\ArduinoJson</Filter>
    </ClInclude>
    <ClInclude Include="..\..\..\libraries\ArduinoJson\src\ArduinoJson\Serialization\JsonSerializer.hpp">
      <Filter>src\_micro-api-readonly\libraries\ArduinoJson</Filter>
    </ClInclude>
    <ClInclude Include="..\..\..\libraries\ArduinoJson\src\ArduinoJson\Serialization\JsonSerializerImpl.hpp">
      <Filter>src\_micro-api-readonly\libraries\ArduinoJson</Filter>
    </ClInclude>
    <ClInclude Include="..\..\..\libraries\ArduinoJson\src\ArduinoJson\Serialization\JsonWriter.hpp">
      <Filter>src\_micro-api-readonly\libraries\ArduinoJson</Filter>
    </ClInclude>
    <ClInclude Include="..\..\..\libraries\ArduinoJson\src\ArduinoJson\Serialization\Prettyfier.hpp">
      <Filter>src\_micro-api-readonly\libraries\ArduinoJson</Filter>
    </ClInclude>
    <ClInclude Include="..\..\..\libraries\ArduinoJson\src\ArduinoJson\Serialization\StaticStringBuilder.hpp">
      <Filter>src\_micro-api-readonly\libraries\ArduinoJson</Filter>
    </ClInclude>
    <ClInclude Include="..\..\..\libraries\ArduinoJson\src\ArduinoJson\Serialization\StreamPrintAdapter.hpp">
      <Filter>src\_micro-api-readonly\libraries\ArduinoJson</Filter>
    </ClInclude>
    <ClInclude Include="..\..\..\libraries\ArduinoJson\src\ArduinoJson\StringTraits\ArduinoStream.hpp">
      <Filter>src\_micro-api-readonly\libraries\ArduinoJson</Filter>
    </ClInclude>
    <ClInclude Include="..\..\..\libraries\ArduinoJson\src\ArduinoJson\StringTraits\CharPointer.hpp">
      <Filter>src\_micro-api-readonly\libraries\ArduinoJson</Filter>
    </ClInclude>
    <ClInclude Include="..\..\..\libraries\ArduinoJson\src\ArduinoJson\StringTraits\FlashString.hpp">
      <Filter>src\_micro-api-readonly\libraries\ArduinoJson</Filter>
    </ClInclude>
    <ClInclude Include="..\..\..\libraries\ArduinoJson\src\ArduinoJson\StringTraits\StdStream.hpp">
      <Filter>src\_micro-api-readonly\libraries\ArduinoJson</Filter>
    </ClInclude>
    <ClInclude Include="..\..\..\libraries\ArduinoJson\src\ArduinoJson\StringTraits\StdString.hpp">
      <Filter>src\_micro-api-readonly\libraries\ArduinoJson</Filter>
    </ClInclude>
    <ClInclude Include="..\..\..\libraries\ArduinoJson\src\ArduinoJson\StringTraits\StringTraits.hpp">
      <Filter>src\_micro-api-readonly\libraries\ArduinoJson</Filter>
    </ClInclude>
    <ClInclude Include="..\..\..\libraries\ArduinoJson\src\ArduinoJson\TypeTraits\EnableIf.hpp">
      <Filter>src\_micro-api-readonly\libraries\ArduinoJson</Filter>
    </ClInclude>
    <ClInclude Include="..\..\..\libraries\ArduinoJson\src\ArduinoJson\TypeTraits\FloatTraits.hpp">
      <Filter>src\_micro-api-readonly\libraries\ArduinoJson</Filter>
    </ClInclude>
    <ClInclude Include="..\..\..\libraries\ArduinoJson\src\ArduinoJson\TypeTraits\IsArray.hpp">
      <Filter>src\_micro-api-readonly\libraries\ArduinoJson</Filter>
    </ClInclude>
    <ClInclude Include="..\..\..\libraries\ArduinoJson\src\ArduinoJson\TypeTraits\IsBaseOf.hpp">
      <Filter>src\_micro-api-readonly\libraries\ArduinoJson</Filter>
    </ClInclude>
    <ClInclude Include="..\..\..\libraries\ArduinoJson\src\ArduinoJson\TypeTraits\IsChar.hpp">
      <Filter>src\_micro-api-readonly\libraries\ArduinoJson</Filter>
    </ClInclude>
    <ClInclude Include="..\..\..\libraries\ArduinoJson\src\ArduinoJson\TypeTraits\IsConst.hpp">
      <Filter>src\_micro-api-readonly\libraries\ArduinoJson</Filter>
    </ClInclude>
    <ClInclude Include="..\..\..\libraries\ArduinoJson\src\ArduinoJson\TypeTraits\IsFloatingPoint.hpp">
      <Filter>src\_micro-api-readonly\libraries\ArduinoJson</Filter>
    </ClInclude>
    <ClInclude Include="..\..\..\libraries\ArduinoJson\src\ArduinoJson\TypeTraits\IsIntegral.hpp">
      <Filter>src\_micro-api-readonly\libraries\ArduinoJson</Filter>
    </ClInclude>
    <ClInclude Include="..\..\..\libraries\ArduinoJson\src\ArduinoJson\TypeTraits\IsSame.hpp">
      <Filter>src\_micro-api-readonly\libraries\ArduinoJson</Filter>
    </ClInclude>
    <ClInclude Include="..\..\..\libraries\ArduinoJson\src\ArduinoJson\TypeTraits\IsSignedIntegral.hpp">
      <Filter>src\_micro-api-readonly\libraries\ArduinoJson</Filter>
    </ClInclude>
    <ClInclude Include="..\..\..\libraries\ArduinoJson\src\ArduinoJson\TypeTraits\IsUnsignedIntegral.hpp">
      <Filter>src\_micro-api-readonly\libraries\ArduinoJson</Filter>
    </ClInclude>
    <ClInclude Include="..\..\..\libraries\ArduinoJson\src\ArduinoJson\TypeTraits\IsVariant.hpp">
      <Filter>src\_micro-api-readonly\libraries\ArduinoJson</Filter>
    </ClInclude>
    <ClInclude Include="..\..\..\libraries\ArduinoJson\src\ArduinoJson\TypeTraits\RemoveConst.hpp">
      <Filter>src\_micro-api-readonly\libraries\ArduinoJson</Filter>
    </ClInclude>
    <ClInclude Include="..\..\..\libraries\ArduinoJson\src\ArduinoJson\TypeTraits\RemoveReference.hpp">
      <Filter>src\_micro-api-readonly\libraries\ArduinoJson</Filter>
    </ClInclude>
    <ClInclude Include="..\..\..\libraries\ArduinoJson\third-party\catch\catch.hpp">
      <Filter>src\_micro-api-readonly\libraries\ArduinoJson</Filter>
    </ClInclude>
    <ClInclude Include="WifiController.h">
      <Filter>Header Files</Filter>
    </ClInclude>
    <ClInclude Include="..\..\..\libraries\NTPClient-master\NTPClient.h">
      <Filter>src\_micro-api-readonly\libraries\NTPClient-master</Filter>
    </ClInclude>
  </ItemGroup>
  <ItemGroup>
    <ClCompile Include="Action.cpp">
      <Filter>Source Files</Filter>
    </ClCompile>
    <ClCompile Include="ActionChain.cpp">
      <Filter>Source Files</Filter>
    </ClCompile>
    <ClCompile Include="Definitions.cpp">
      <Filter>Source Files</Filter>
    </ClCompile>
    <ClCompile Include="Led.cpp">
      <Filter>Source Files</Filter>
    </ClCompile>
    <ClCompile Include="LogEngine.cpp">
      <Filter>Source Files</Filter>
    </ClCompile>
    <ClCompile Include="Network.cpp">
      <Filter>Source Files</Filter>
    </ClCompile>
    <ClCompile Include="RCSocketController.cpp">
      <Filter>Source Files</Filter>
    </ClCompile>
    <ClCompile Include="RealTimeClock.cpp">
      <Filter>Source Files</Filter>
    </ClCompile>
    <ClCompile Include="Ruleset.cpp">
      <Filter>Source Files</Filter>
    </ClCompile>
    <ClCompile Include="Sensor.cpp">
      <Filter>Source Files</Filter>
    </ClCompile>
    <ClCompile Include="Setting.cpp">
      <Filter>Source Files</Filter>
    </ClCompile>
    <ClCompile Include="TaskManager.cpp">
      <Filter>Source Files</Filter>
    </ClCompile>
    <ClCompile Include="Trigger.cpp">
      <Filter>Source Files</Filter>
    </ClCompile>
    <ClCompile Include="..\..\..\..\..\Users\oliver\AppData\Local\arduino15\packages\esp32\hardware\esp32\1.0.0\cores\esp32\base64.cpp">
      <Filter>src\_micro-api-readonly\core</Filter>
    </ClCompile>
    <ClCompile Include="..\..\..\..\..\Users\oliver\AppData\Local\arduino15\packages\esp32\hardware\esp32\1.0.0\cores\esp32\cbuf.cpp">
      <Filter>src\_micro-api-readonly\core</Filter>
    </ClCompile>
    <ClCompile Include="..\..\..\..\..\Users\oliver\AppData\Local\arduino15\packages\esp32\hardware\esp32\1.0.0\cores\esp32\Esp.cpp">
      <Filter>src\_micro-api-readonly\core</Filter>
    </ClCompile>
    <ClCompile Include="..\..\..\..\..\Users\oliver\AppData\Local\arduino15\packages\esp32\hardware\esp32\1.0.0\cores\esp32\HardwareSerial.cpp">
      <Filter>src\_micro-api-readonly\core</Filter>
    </ClCompile>
    <ClCompile Include="..\..\..\..\..\Users\oliver\AppData\Local\arduino15\packages\esp32\hardware\esp32\1.0.0\cores\esp32\IPAddress.cpp">
      <Filter>src\_micro-api-readonly\core</Filter>
    </ClCompile>
    <ClCompile Include="..\..\..\..\..\Users\oliver\AppData\Local\arduino15\packages\esp32\hardware\esp32\1.0.0\cores\esp32\IPv6Address.cpp">
      <Filter>src\_micro-api-readonly\core</Filter>
    </ClCompile>
    <ClCompile Include="..\..\..\..\..\Users\oliver\AppData\Local\arduino15\packages\esp32\hardware\esp32\1.0.0\cores\esp32\main.cpp">
      <Filter>src\_micro-api-readonly\core</Filter>
    </ClCompile>
    <ClCompile Include="..\..\..\..\..\Users\oliver\AppData\Local\arduino15\packages\esp32\hardware\esp32\1.0.0\cores\esp32\MD5Builder.cpp">
      <Filter>src\_micro-api-readonly\core</Filter>
    </ClCompile>
    <ClCompile Include="..\..\..\..\..\Users\oliver\AppData\Local\arduino15\packages\esp32\hardware\esp32\1.0.0\cores\esp32\Print.cpp">
      <Filter>src\_micro-api-readonly\core</Filter>
    </ClCompile>
    <ClCompile Include="..\..\..\..\..\Users\oliver\AppData\Local\arduino15\packages\esp32\hardware\esp32\1.0.0\cores\esp32\Stream.cpp">
      <Filter>src\_micro-api-readonly\core</Filter>
    </ClCompile>
    <ClCompile Include="..\..\..\..\..\Users\oliver\AppData\Local\arduino15\packages\esp32\hardware\esp32\1.0.0\cores\esp32\StreamString.cpp">
      <Filter>src\_micro-api-readonly\core</Filter>
    </ClCompile>
    <ClCompile Include="..\..\..\..\..\Users\oliver\AppData\Local\arduino15\packages\esp32\hardware\esp32\1.0.0\cores\esp32\WMath.cpp">
      <Filter>src\_micro-api-readonly\core</Filter>
    </ClCompile>
    <ClCompile Include="..\..\..\..\..\Users\oliver\AppData\Local\arduino15\packages\esp32\hardware\esp32\1.0.0\cores\esp32\WString.cpp">
      <Filter>src\_micro-api-readonly\core</Filter>
    </ClCompile>
    <ClCompile Include="..\..\..\libraries\Ultrasonic\src\Ultrasonic.cpp">
      <Filter>src\_micro-api-readonly\libraries\Ultrasonic</Filter>
    </ClCompile>
    <ClCompile Include="..\..\..\..\..\Users\oliver\AppData\Local\arduino15\packages\esp32\hardware\esp32\1.0.0\libraries\SD\src\SD.cpp">
      <Filter>src\_micro-api-readonly\libraries\SD</Filter>
    </ClCompile>
    <ClCompile Include="..\..\..\..\..\Users\oliver\AppData\Local\arduino15\packages\esp32\hardware\esp32\1.0.0\libraries\SD\src\sd_diskio.cpp">
      <Filter>src\_micro-api-readonly\libraries\SD</Filter>
    </ClCompile>
    <ClCompile Include="..\..\..\..\..\Users\oliver\AppData\Local\arduino15\packages\esp32\hardware\esp32\1.0.0\libraries\SD\src\sd_diskio_crc.c">
      <Filter>src\_micro-api-readonly\libraries\SD</Filter>
    </ClCompile>
    <ClCompile Include="..\..\..\..\..\Users\oliver\AppData\Local\arduino15\packages\esp32\hardware\esp32\1.0.0\libraries\SPI\src\SPI.cpp">
      <Filter>src\_micro-api-readonly\libraries\SPI</Filter>
    </ClCompile>
    <ClCompile Include="..\..\..\..\..\Users\oliver\AppData\Local\arduino15\packages\esp32\hardware\esp32\1.0.0\libraries\Wire\src\Wire.cpp">
      <Filter>src\_micro-api-readonly\libraries\Wire</Filter>
    </ClCompile>
    <ClCompile Include="..\..\..\..\..\Users\oliver\AppData\Local\arduino15\packages\esp32\hardware\esp32\1.0.0\libraries\WiFi\src\ETH.cpp">
      <Filter>src\_micro-api-readonly\libraries\WiFi</Filter>
    </ClCompile>
    <ClCompile Include="..\..\..\..\..\Users\oliver\AppData\Local\arduino15\packages\esp32\hardware\esp32\1.0.0\libraries\WiFi\src\WiFi.cpp">
      <Filter>src\_micro-api-readonly\libraries\WiFi</Filter>
    </ClCompile>
    <ClCompile Include="..\..\..\..\..\Users\oliver\AppData\Local\arduino15\packages\esp32\hardware\esp32\1.0.0\libraries\WiFi\src\WiFiAP.cpp">
      <Filter>src\_micro-api-readonly\libraries\WiFi</Filter>
    </ClCompile>
    <ClCompile Include="..\..\..\..\..\Users\oliver\AppData\Local\arduino15\packages\esp32\hardware\esp32\1.0.0\libraries\WiFi\src\WiFiClient.cpp">
      <Filter>src\_micro-api-readonly\libraries\WiFi</Filter>
    </ClCompile>
    <ClCompile Include="..\..\..\..\..\Users\oliver\AppData\Local\arduino15\packages\esp32\hardware\esp32\1.0.0\libraries\WiFi\src\WiFiGeneric.cpp">
      <Filter>src\_micro-api-readonly\libraries\WiFi</Filter>
    </ClCompile>
    <ClCompile Include="..\..\..\..\..\Users\oliver\AppData\Local\arduino15\packages\esp32\hardware\esp32\1.0.0\libraries\WiFi\src\WiFiMulti.cpp">
      <Filter>src\_micro-api-readonly\libraries\WiFi</Filter>
    </ClCompile>
    <ClCompile Include="..\..\..\..\..\Users\oliver\AppData\Local\arduino15\packages\esp32\hardware\esp32\1.0.0\libraries\WiFi\src\WiFiScan.cpp">
      <Filter>src\_micro-api-readonly\libraries\WiFi</Filter>
    </ClCompile>
    <ClCompile Include="..\..\..\..\..\Users\oliver\AppData\Local\arduino15\packages\esp32\hardware\esp32\1.0.0\libraries\WiFi\src\WiFiServer.cpp">
      <Filter>src\_micro-api-readonly\libraries\WiFi</Filter>
    </ClCompile>
    <ClCompile Include="..\..\..\..\..\Users\oliver\AppData\Local\arduino15\packages\esp32\hardware\esp32\1.0.0\libraries\WiFi\src\WiFiSTA.cpp">
      <Filter>src\_micro-api-readonly\libraries\WiFi</Filter>
    </ClCompile>
    <ClCompile Include="..\..\..\..\..\Users\oliver\AppData\Local\arduino15\packages\esp32\hardware\esp32\1.0.0\libraries\WiFi\src\WiFiUdp.cpp">
      <Filter>src\_micro-api-readonly\libraries\WiFi</Filter>
    </ClCompile>
    <ClCompile Include="..\..\..\libraries\BME280\src\BME280.cpp">
      <Filter>src\_micro-api-readonly\libraries\BME280</Filter>
    </ClCompile>
    <ClCompile Include="..\..\..\libraries\BME280\src\BME280I2C.cpp">
      <Filter>src\_micro-api-readonly\libraries\BME280</Filter>
    </ClCompile>
    <ClCompile Include="..\..\..\libraries\BME280\src\BME280I2C_BRZO.cpp">
      <Filter>src\_micro-api-readonly\libraries\BME280</Filter>
    </ClCompile>
    <ClCompile Include="..\..\..\libraries\BME280\src\BME280Spi.cpp">
      <Filter>src\_micro-api-readonly\libraries\BME280</Filter>
    </ClCompile>
    <ClCompile Include="..\..\..\libraries\BME280\src\BME280SpiSw.cpp">
      <Filter>src\_micro-api-readonly\libraries\BME280</Filter>
    </ClCompile>
    <ClCompile Include="..\..\..\libraries\BME280\src\EnvironmentCalculations.cpp">
      <Filter>src\_micro-api-readonly\libraries\BME280</Filter>
    </ClCompile>
    <ClCompile Include="..\..\..\libraries\DHT_sensor_library\DHT.cpp">
      <Filter>src\_micro-api-readonly\libraries\DHT_sensor_library</Filter>
    </ClCompile>
    <ClCompile Include="..\..\..\libraries\DHT_sensor_library\DHT_U.cpp">
      <Filter>src\_micro-api-readonly\libraries\DHT_sensor_library</Filter>
    </ClCompile>
    <ClCompile Include="..\..\..\..\..\Users\oliver\AppData\Local\arduino15\packages\esp32\hardware\esp32\1.0.0\libraries\FS\src\FS.cpp">
      <Filter>src\_micro-api-readonly\libraries\FS</Filter>
    </ClCompile>
    <ClCompile Include="..\..\..\..\..\Users\oliver\AppData\Local\arduino15\packages\esp32\hardware\esp32\1.0.0\libraries\FS\src\vfs_api.cpp">
      <Filter>src\_micro-api-readonly\libraries\FS</Filter>
    </ClCompile>
    <ClCompile Include="..\..\..\libraries\Time\DateStrings.cpp">
      <Filter>src\_micro-api-readonly\libraries\Time</Filter>
    </ClCompile>
    <ClCompile Include="..\..\..\libraries\Time\Time.cpp">
      <Filter>src\_micro-api-readonly\libraries\Time</Filter>
    </ClCompile>
    <ClCompile Include="..\..\..\libraries\rc-switch\RCSwitch.cpp">
      <Filter>src\_micro-api-readonly\libraries\rc-switch</Filter>
    </ClCompile>
    <ClCompile Include="..\..\..\libraries\ESPAsyncWebServer-master\src\AsyncEventSource.cpp">
      <Filter>src\_micro-api-readonly\libraries\ESPAsyncWebServer-master</Filter>
    </ClCompile>
    <ClCompile Include="..\..\..\libraries\ESPAsyncWebServer-master\src\AsyncWebSocket.cpp">
      <Filter>src\_micro-api-readonly\libraries\ESPAsyncWebServer-master</Filter>
    </ClCompile>
    <ClCompile Include="..\..\..\libraries\ESPAsyncWebServer-master\src\SPIFFSEditor.cpp">
      <Filter>src\_micro-api-readonly\libraries\ESPAsyncWebServer-master</Filter>
    </ClCompile>
    <ClCompile Include="..\..\..\libraries\ESPAsyncWebServer-master\src\WebAuthentication.cpp">
      <Filter>src\_micro-api-readonly\libraries\ESPAsyncWebServer-master</Filter>
    </ClCompile>
    <ClCompile Include="..\..\..\libraries\ESPAsyncWebServer-master\src\WebHandlers.cpp">
      <Filter>src\_micro-api-readonly\libraries\ESPAsyncWebServer-master</Filter>
    </ClCompile>
    <ClCompile Include="..\..\..\libraries\ESPAsyncWebServer-master\src\WebRequest.cpp">
      <Filter>src\_micro-api-readonly\libraries\ESPAsyncWebServer-master</Filter>
    </ClCompile>
    <ClCompile Include="..\..\..\libraries\ESPAsyncWebServer-master\src\WebResponses.cpp">
      <Filter>src\_micro-api-readonly\libraries\ESPAsyncWebServer-master</Filter>
    </ClCompile>
    <ClCompile Include="..\..\..\libraries\ESPAsyncWebServer-master\src\WebServer.cpp">
      <Filter>src\_micro-api-readonly\libraries\ESPAsyncWebServer-master</Filter>
    </ClCompile>
    <ClCompile Include="WebHandler.cpp">
      <Filter>Source Files</Filter>
    </ClCompile>
    <ClCompile Include="..\..\..\libraries\ArduinoJson\fuzzing\fuzzer.cpp">
      <Filter>src\_micro-api-readonly\libraries\ArduinoJson</Filter>
    </ClCompile>
    <ClCompile Include="..\..\..\libraries\ArduinoJson\test\DynamicJsonBuffer\alloc.cpp">
      <Filter>src\_micro-api-readonly\libraries\ArduinoJson</Filter>
    </ClCompile>
    <ClCompile Include="..\..\..\libraries\ArduinoJson\test\DynamicJsonBuffer\createArray.cpp">
      <Filter>src\_micro-api-readonly\libraries\ArduinoJson</Filter>
    </ClCompile>
    <ClCompile Include="..\..\..\libraries\ArduinoJson\test\DynamicJsonBuffer\createObject.cpp">
      <Filter>src\_micro-api-readonly\libraries\ArduinoJson</Filter>
    </ClCompile>
    <ClCompile Include="..\..\..\libraries\ArduinoJson\test\DynamicJsonBuffer\no_memory.cpp">
      <Filter>src\_micro-api-readonly\libraries\ArduinoJson</Filter>
    </ClCompile>
    <ClCompile Include="..\..\..\libraries\ArduinoJson\test\DynamicJsonBuffer\size.cpp">
      <Filter>src\_micro-api-readonly\libraries\ArduinoJson</Filter>
    </ClCompile>
    <ClCompile Include="..\..\..\libraries\ArduinoJson\test\DynamicJsonBuffer\startString.cpp">
      <Filter>src\_micro-api-readonly\libraries\ArduinoJson</Filter>
    </ClCompile>
    <ClCompile Include="..\..\..\libraries\ArduinoJson\test\IntegrationTests\gbathree.cpp">
      <Filter>src\_micro-api-readonly\libraries\ArduinoJson</Filter>
    </ClCompile>
    <ClCompile Include="..\..\..\libraries\ArduinoJson\test\IntegrationTests\round_trip.cpp">
      <Filter>src\_micro-api-readonly\libraries\ArduinoJson</Filter>
    </ClCompile>
    <ClCompile Include="..\..\..\libraries\ArduinoJson\test\JsonArray\add.cpp">
      <Filter>src\_micro-api-readonly\libraries\ArduinoJson</Filter>
    </ClCompile>
    <ClCompile Include="..\..\..\libraries\ArduinoJson\test\JsonArray\basics.cpp">
      <Filter>src\_micro-api-readonly\libraries\ArduinoJson</Filter>
    </ClCompile>
    <ClCompile Include="..\..\..\libraries\ArduinoJson\test\JsonArray\copyFrom.cpp">
      <Filter>src\_micro-api-readonly\libraries\ArduinoJson</Filter>
    </ClCompile>
    <ClCompile Include="..\..\..\libraries\ArduinoJson\test\JsonArray\copyTo.cpp">
      <Filter>src\_micro-api-readonly\libraries\ArduinoJson</Filter>
    </ClCompile>
    <ClCompile Include="..\..\..\libraries\ArduinoJson\test\JsonArray\invalid.cpp">
      <Filter>src\_micro-api-readonly\libraries\ArduinoJson</Filter>
    </ClCompile>
    <ClCompile Include="..\..\..\libraries\ArduinoJson\test\JsonArray\iterator.cpp">
      <Filter>src\_micro-api-readonly\libraries\ArduinoJson</Filter>
    </ClCompile>
    <ClCompile Include="..\..\..\libraries\ArduinoJson\test\JsonArray\prettyPrintTo.cpp">
      <Filter>src\_micro-api-readonly\libraries\ArduinoJson</Filter>
    </ClCompile>
    <ClCompile Include="..\..\..\libraries\ArduinoJson\test\JsonArray\printTo.cpp">
      <Filter>src\_micro-api-readonly\libraries\ArduinoJson</Filter>
    </ClCompile>
    <ClCompile Include="..\..\..\libraries\ArduinoJson\test\JsonArray\remove.cpp">
      <Filter>src\_micro-api-readonly\libraries\ArduinoJson</Filter>
    </ClCompile>
    <ClCompile Include="..\..\..\libraries\ArduinoJson\test\JsonArray\set.cpp">
      <Filter>src\_micro-api-readonly\libraries\ArduinoJson</Filter>
    </ClCompile>
    <ClCompile Include="..\..\..\libraries\ArduinoJson\test\JsonArray\size.cpp">
      <Filter>src\_micro-api-readonly\libraries\ArduinoJson</Filter>
    </ClCompile>
    <ClCompile Include="..\..\..\libraries\ArduinoJson\test\JsonArray\subscript.cpp">
      <Filter>src\_micro-api-readonly\libraries\ArduinoJson</Filter>
    </ClCompile>
    <ClCompile Include="..\..\..\libraries\ArduinoJson\test\JsonBuffer\nested.cpp">
      <Filter>src\_micro-api-readonly\libraries\ArduinoJson</Filter>
    </ClCompile>
    <ClCompile Include="..\..\..\libraries\ArduinoJson\test\JsonBuffer\nestingLimit.cpp">
      <Filter>src\_micro-api-readonly\libraries\ArduinoJson</Filter>
    </ClCompile>
    <ClCompile Include="..\..\..\libraries\ArduinoJson\test\JsonBuffer\parse.cpp">
      <Filter>src\_micro-api-readonly\libraries\ArduinoJson</Filter>
    </ClCompile>
    <ClCompile Include="..\..\..\libraries\ArduinoJson\test\JsonBuffer\parseArray.cpp">
      <Filter>src\_micro-api-readonly\libraries\ArduinoJson</Filter>
    </ClCompile>
    <ClCompile Include="..\..\..\libraries\ArduinoJson\test\JsonBuffer\parseObject.cpp">
      <Filter>src\_micro-api-readonly\libraries\ArduinoJson</Filter>
    </ClCompile>
    <ClCompile Include="..\..\..\libraries\ArduinoJson\test\JsonObject\basics.cpp">
      <Filter>src\_micro-api-readonly\libraries\ArduinoJson</Filter>
    </ClCompile>
    <ClCompile Include="..\..\..\libraries\ArduinoJson\test\JsonObject\containsKey.cpp">
      <Filter>src\_micro-api-readonly\libraries\ArduinoJson</Filter>
    </ClCompile>
    <ClCompile Include="..\..\..\libraries\ArduinoJson\test\JsonObject\get.cpp">
      <Filter>src\_micro-api-readonly\libraries\ArduinoJson</Filter>
    </ClCompile>
    <ClCompile Include="..\..\..\libraries\ArduinoJson\test\JsonObject\invalid.cpp">
      <Filter>src\_micro-api-readonly\libraries\ArduinoJson</Filter>
    </ClCompile>
    <ClCompile Include="..\..\..\libraries\ArduinoJson\test\JsonObject\iterator.cpp">
      <Filter>src\_micro-api-readonly\libraries\ArduinoJson</Filter>
    </ClCompile>
    <ClCompile Include="..\..\..\libraries\ArduinoJson\test\JsonObject\prettyPrintTo.cpp">
      <Filter>src\_micro-api-readonly\libraries\ArduinoJson</Filter>
    </ClCompile>
    <ClCompile Include="..\..\..\libraries\ArduinoJson\test\JsonObject\printTo.cpp">
      <Filter>src\_micro-api-readonly\libraries\ArduinoJson</Filter>
    </ClCompile>
    <ClCompile Include="..\..\..\libraries\ArduinoJson\test\JsonObject\remove.cpp">
      <Filter>src\_micro-api-readonly\libraries\ArduinoJson</Filter>
    </ClCompile>
    <ClCompile Include="..\..\..\libraries\ArduinoJson\test\JsonObject\set.cpp">
      <Filter>src\_micro-api-readonly\libraries\ArduinoJson</Filter>
    </ClCompile>
    <ClCompile Include="..\..\..\libraries\ArduinoJson\test\JsonObject\size.cpp">
      <Filter>src\_micro-api-readonly\libraries\ArduinoJson</Filter>
    </ClCompile>
    <ClCompile Include="..\..\..\libraries\ArduinoJson\test\JsonObject\subscript.cpp">
      <Filter>src\_micro-api-readonly\libraries\ArduinoJson</Filter>
    </ClCompile>
    <ClCompile Include="..\..\..\libraries\ArduinoJson\test\JsonVariant\as.cpp">
      <Filter>src\_micro-api-readonly\libraries\ArduinoJson</Filter>
    </ClCompile>
    <ClCompile Include="..\..\..\libraries\ArduinoJson\test\JsonVariant\compare.cpp">
      <Filter>src\_micro-api-readonly\libraries\ArduinoJson</Filter>
    </ClCompile>
    <ClCompile Include="..\..\..\libraries\ArduinoJson\test\JsonVariant\copy.cpp">
      <Filter>src\_micro-api-readonly\libraries\ArduinoJson</Filter>
    </ClCompile>
    <ClCompile Include="..\..\..\libraries\ArduinoJson\test\JsonVariant\is.cpp">
      <Filter>src\_micro-api-readonly\libraries\ArduinoJson</Filter>
    </ClCompile>
    <ClCompile Include="..\..\..\libraries\ArduinoJson\test\JsonVariant\or.cpp">
      <Filter>src\_micro-api-readonly\libraries\ArduinoJson</Filter>
    </ClCompile>
    <ClCompile Include="..\..\..\libraries\ArduinoJson\test\JsonVariant\printTo.cpp">
      <Filter>src\_micro-api-readonly\libraries\ArduinoJson</Filter>
    </ClCompile>
    <ClCompile Include="..\..\..\libraries\ArduinoJson\test\JsonVariant\set_get.cpp">
      <Filter>src\_micro-api-readonly\libraries\ArduinoJson</Filter>
    </ClCompile>
    <ClCompile Include="..\..\..\libraries\ArduinoJson\test\JsonVariant\subscript.cpp">
      <Filter>src\_micro-api-readonly\libraries\ArduinoJson</Filter>
    </ClCompile>
    <ClCompile Include="..\..\..\libraries\ArduinoJson\test\JsonVariant\success.cpp">
      <Filter>src\_micro-api-readonly\libraries\ArduinoJson</Filter>
    </ClCompile>
    <ClCompile Include="..\..\..\libraries\ArduinoJson\test\JsonVariant\undefined.cpp">
      <Filter>src\_micro-api-readonly\libraries\ArduinoJson</Filter>
    </ClCompile>
    <ClCompile Include="..\..\..\libraries\ArduinoJson\test\JsonWriter\writeFloat.cpp">
      <Filter>src\_micro-api-readonly\libraries\ArduinoJson</Filter>
    </ClCompile>
    <ClCompile Include="..\..\..\libraries\ArduinoJson\test\JsonWriter\writeString.cpp">
      <Filter>src\_micro-api-readonly\libraries\ArduinoJson</Filter>
    </ClCompile>
    <ClCompile Include="..\..\..\libraries\ArduinoJson\test\Misc\deprecated.cpp">
      <Filter>src\_micro-api-readonly\libraries\ArduinoJson</Filter>
    </ClCompile>
    <ClCompile Include="..\..\..\libraries\ArduinoJson\test\Misc\FloatParts.cpp">
      <Filter>src\_micro-api-readonly\libraries\ArduinoJson</Filter>
    </ClCompile>
    <ClCompile Include="..\..\..\libraries\ArduinoJson\test\Misc\std_stream.cpp">
      <Filter>src\_micro-api-readonly\libraries\ArduinoJson</Filter>
    </ClCompile>
    <ClCompile Include="..\..\..\libraries\ArduinoJson\test\Misc\std_string.cpp">
      <Filter>src\_micro-api-readonly\libraries\ArduinoJson</Filter>
    </ClCompile>
    <ClCompile Include="..\..\..\libraries\ArduinoJson\test\Misc\StringBuilder.cpp">
      <Filter>src\_micro-api-readonly\libraries\ArduinoJson</Filter>
    </ClCompile>
    <ClCompile Include="..\..\..\libraries\ArduinoJson\test\Misc\StringTraits.cpp">
      <Filter>src\_micro-api-readonly\libraries\ArduinoJson</Filter>
    </ClCompile>
    <ClCompile Include="..\..\..\libraries\ArduinoJson\test\Misc\TypeTraits.cpp">
      <Filter>src\_micro-api-readonly\libraries\ArduinoJson</Filter>
    </ClCompile>
    <ClCompile Include="..\..\..\libraries\ArduinoJson\test\Misc\unsigned_char.cpp">
      <Filter>src\_micro-api-readonly\libraries\ArduinoJson</Filter>
    </ClCompile>
    <ClCompile Include="..\..\..\libraries\ArduinoJson\test\Misc\version.cpp">
      <Filter>src\_micro-api-readonly\libraries\ArduinoJson</Filter>
    </ClCompile>
    <ClCompile Include="..\..\..\libraries\ArduinoJson\test\Misc\vla.cpp">
      <Filter>src\_micro-api-readonly\libraries\ArduinoJson</Filter>
    </ClCompile>
    <ClCompile Include="..\..\..\libraries\ArduinoJson\test\Polyfills\isFloat.cpp">
      <Filter>src\_micro-api-readonly\libraries\ArduinoJson</Filter>
    </ClCompile>
    <ClCompile Include="..\..\..\libraries\ArduinoJson\test\Polyfills\isInteger.cpp">
      <Filter>src\_micro-api-readonly\libraries\ArduinoJson</Filter>
    </ClCompile>
    <ClCompile Include="..\..\..\libraries\ArduinoJson\test\Polyfills\parseFloat.cpp">
      <Filter>src\_micro-api-readonly\libraries\ArduinoJson</Filter>
    </ClCompile>
    <ClCompile Include="..\..\..\libraries\ArduinoJson\test\Polyfills\parseInteger.cpp">
      <Filter>src\_micro-api-readonly\libraries\ArduinoJson</Filter>
    </ClCompile>
    <ClCompile Include="..\..\..\libraries\ArduinoJson\test\StaticJsonBuffer\alloc.cpp">
      <Filter>src\_micro-api-readonly\libraries\ArduinoJson</Filter>
    </ClCompile>
    <ClCompile Include="..\..\..\libraries\ArduinoJson\test\StaticJsonBuffer\createArray.cpp">
      <Filter>src\_micro-api-readonly\libraries\ArduinoJson</Filter>
    </ClCompile>
    <ClCompile Include="..\..\..\libraries\ArduinoJson\test\StaticJsonBuffer\createObject.cpp">
      <Filter>src\_micro-api-readonly\libraries\ArduinoJson</Filter>
    </ClCompile>
    <ClCompile Include="..\..\..\libraries\ArduinoJson\test\StaticJsonBuffer\parseArray.cpp">
      <Filter>src\_micro-api-readonly\libraries\ArduinoJson</Filter>
    </ClCompile>
    <ClCompile Include="..\..\..\libraries\ArduinoJson\test\StaticJsonBuffer\parseObject.cpp">
      <Filter>src\_micro-api-readonly\libraries\ArduinoJson</Filter>
    </ClCompile>
    <ClCompile Include="..\..\..\libraries\ArduinoJson\test\StaticJsonBuffer\size.cpp">
      <Filter>src\_micro-api-readonly\libraries\ArduinoJson</Filter>
    </ClCompile>
    <ClCompile Include="..\..\..\libraries\ArduinoJson\test\StaticJsonBuffer\startString.cpp">
      <Filter>src\_micro-api-readonly\libraries\ArduinoJson</Filter>
    </ClCompile>
    <ClCompile Include="..\..\..\libraries\ArduinoJson\third-party\catch\catch.cpp">
      <Filter>src\_micro-api-readonly\libraries\ArduinoJson</Filter>
    </ClCompile>
    <ClCompile Include="WifiController.cpp">
      <Filter>Source Files</Filter>
    </ClCompile>
    <ClCompile Include="..\..\..\libraries\NTPClient-master\NTPClient.cpp">
      <Filter>src\_micro-api-readonly\libraries\NTPClient-master</Filter>
    </ClCompile>
  </ItemGroup>
  <ItemGroup>
    <Text Include="..\..\..\libraries\Ultrasonic\keywords.txt">
      <Filter>src\_micro-api-readonly\libraries\Ultrasonic</Filter>
    </Text>
    <Text Include="..\..\..\..\..\Users\oliver\AppData\Local\arduino15\packages\esp32\hardware\esp32\1.0.0\libraries\SPI\keywords.txt">
      <Filter>src\_micro-api-readonly\libraries\SPI</Filter>
    </Text>
    <Text Include="..\..\..\..\..\Users\oliver\AppData\Local\arduino15\packages\esp32\hardware\esp32\1.0.0\libraries\Wire\keywords.txt">
      <Filter>src\_micro-api-readonly\libraries\Wire</Filter>
    </Text>
    <Text Include="..\..\..\..\..\Users\oliver\AppData\Local\arduino15\packages\esp32\hardware\esp32\1.0.0\libraries\WiFi\keywords.txt">
      <Filter>src\_micro-api-readonly\libraries\WiFi</Filter>
    </Text>
    <Text Include="..\..\..\libraries\BME280\keywords.txt">
      <Filter>src\_micro-api-readonly\libraries\BME280</Filter>
    </Text>
    <Text Include="..\..\..\libraries\DHT_sensor_library\keywords.txt">
      <Filter>src\_micro-api-readonly\libraries\DHT_sensor_library</Filter>
    </Text>
    <Text Include="..\..\..\libraries\Time\keywords.txt">
      <Filter>src\_micro-api-readonly\libraries\Time</Filter>
    </Text>
    <Text Include="..\..\..\libraries\Time\Readme.txt">
      <Filter>src\_micro-api-readonly\libraries\Time</Filter>
    </Text>
    <Text Include="..\..\..\libraries\rc-switch\keywords.txt">
      <Filter>src\_micro-api-readonly\libraries\rc-switch</Filter>
    </Text>
    <Text Include="..\..\..\libraries\ESPAsyncWebServer-master\keywords.txt">
      <Filter>src\_micro-api-readonly\libraries\ESPAsyncWebServer-master</Filter>
    </Text>
    <Text Include="..\..\..\libraries\ArduinoJson\CMakeLists.txt">
      <Filter>src\_micro-api-readonly\libraries\ArduinoJson</Filter>
    </Text>
    <Text Include="..\..\..\libraries\ArduinoJson\keywords.txt">
      <Filter>src\_micro-api-readonly\libraries\ArduinoJson</Filter>
    </Text>
    <Text Include="..\..\..\libraries\ArduinoJson\test\CMakeLists.txt">
      <Filter>src\_micro-api-readonly\libraries\ArduinoJson</Filter>
    </Text>
    <Text Include="..\..\..\libraries\ArduinoJson\test\DynamicJsonBuffer\CMakeLists.txt">
      <Filter>src\_micro-api-readonly\libraries\ArduinoJson</Filter>
    </Text>
    <Text Include="..\..\..\libraries\ArduinoJson\test\IntegrationTests\CMakeLists.txt">
      <Filter>src\_micro-api-readonly\libraries\ArduinoJson</Filter>
    </Text>
    <Text Include="..\..\..\libraries\ArduinoJson\test\JsonArray\CMakeLists.txt">
      <Filter>src\_micro-api-readonly\libraries\ArduinoJson</Filter>
    </Text>
    <Text Include="..\..\..\libraries\ArduinoJson\test\JsonBuffer\CMakeLists.txt">
      <Filter>src\_micro-api-readonly\libraries\ArduinoJson</Filter>
    </Text>
    <Text Include="..\..\..\libraries\ArduinoJson\test\JsonObject\CMakeLists.txt">
      <Filter>src\_micro-api-readonly\libraries\ArduinoJson</Filter>
    </Text>
    <Text Include="..\..\..\libraries\ArduinoJson\test\JsonVariant\CMakeLists.txt">
      <Filter>src\_micro-api-readonly\libraries\ArduinoJson</Filter>
    </Text>
    <Text Include="..\..\..\libraries\ArduinoJson\test\JsonWriter\CMakeLists.txt">
      <Filter>src\_micro-api-readonly\libraries\ArduinoJson</Filter>
    </Text>
    <Text Include="..\..\..\libraries\ArduinoJson\test\Misc\CMakeLists.txt">
      <Filter>src\_micro-api-readonly\libraries\ArduinoJson</Filter>
    </Text>
    <Text Include="..\..\..\libraries\ArduinoJson\test\Polyfills\CMakeLists.txt">
      <Filter>src\_micro-api-readonly\libraries\ArduinoJson</Filter>
    </Text>
    <Text Include="..\..\..\libraries\ArduinoJson\test\StaticJsonBuffer\CMakeLists.txt">
      <Filter>src\_micro-api-readonly\libraries\ArduinoJson</Filter>
    </Text>
    <Text Include="..\..\..\libraries\ArduinoJson\third-party\catch\CMakeLists.txt">
      <Filter>src\_micro-api-readonly\libraries\ArduinoJson</Filter>
    </Text>
    <Text Include="..\..\..\libraries\NTPClient-master\keywords.txt">
      <Filter>src\_micro-api-readonly\libraries\NTPClient-master</Filter>
    </Text>
  </ItemGroup>
</Project>